{
  "name": "@monorepo/blog",
  "version": "1.0.0",
  "lockfileVersion": 3,
  "requires": true,
  "packages": {
    "": {
      "name": "@monorepo/blog",
      "version": "1.0.0",
      "license": "ISC",
      "workspaces": [
        "client",
        "core"
      ]
    },
    "client": {
      "name": "@monorepo/client",
      "version": "3.8.18",
      "license": "ISC",
      "dependencies": {
        "@monorepo/core": "1.0.3"
      }
    },
    "core": {
      "name": "@monorepo/core",
      "version": "1.0.3",
      "license": "ISC"
    },
    "node_modules/@monorepo/client": {
      "resolved": "client",
      "link": true
    },
    "node_modules/@monorepo/core": {
      "resolved": "core",
      "link": true
    }
  }
}
